
Microsoft Visual Studio Solution File, Format Version 12.00
# Visual Studio Version 17
VisualStudioVersion = 17.2.32630.192
MinimumVisualStudioVersion = 10.0.40219.1
Project("{9A19103F-16F7-4668-BE54-9A1E7A4F7556}") = "sqlite", "sqlite.csproj", "{167F6CA6-5103-4640-969E-1BDA17C41B68}"
EndProject
Project("{FAE04EC0-301F-11D3-BF4B-00C04F79EFBC}") = "DbModel", "..\DbModel\DbModel.csproj", "{7510DFA8-4FA7-44F1-A97C-B9F1BDFC2D0B}"
EndProject
Project("{FAE04EC0-301F-11D3-BF4B-00C04F79EFBC}") = "DataAccess", "..\DataAccess\DataAccess.csproj", "{967CA590-1C69-4D8A-9F80-BDA125E08BBB}"
EndProject
Global
	GlobalSection(SolutionConfigurationPlatforms) = preSolution
		Debug|Any CPU = Debug|Any CPU
		Release|Any CPU = Release|Any CPU
	EndGlobalSection
	GlobalSection(ProjectConfigurationPlatforms) = postSolution
		{167F6CA6-5103-4640-969E-1BDA17C41B68}.Debug|Any CPU.ActiveCfg = Debug|Any CPU
		{167F6CA6-5103-4640-969E-1BDA17C41B68}.Debug|Any CPU.Build.0 = Debug|Any CPU
		{167F6CA6-5103-4640-969E-1BDA17C41B68}.Release|Any CPU.ActiveCfg = Release|Any CPU
		{167F6CA6-5103-4640-969E-1BDA17C41B68}.Release|Any CPU.Build.0 = Release|Any CPU
		{7510DFA8-4FA7-44F1-A97C-B9F1BDFC2D0B}.Debug|Any CPU.ActiveCfg = Debug|Any CPU
		{7510DFA8-4FA7-44F1-A97C-B9F1BDFC2D0B}.Debug|Any CPU.Build.0 = Debug|Any CPU
		{7510DFA8-4FA7-44F1-A97C-B9F1BDFC2D0B}.Release|Any CPU.ActiveCfg = Release|Any CPU
		{7510DFA8-4FA7-44F1-A97C-B9F1BDFC2D0B}.Release|Any CPU.Build.0 = Release|Any CPU
		{967CA590-1C69-4D8A-9F80-BDA125E08BBB}.Debug|Any CPU.ActiveCfg = Debug|Any CPU
		{967CA590-1C69-4D8A-9F80-BDA125E08BBB}.Debug|Any CPU.Build.0 = Debug|Any CPU
		{967CA590-1C69-4D8A-9F80-BDA125E08BBB}.Release|Any CPU.ActiveCfg = Release|Any CPU
		{967CA590-1C69-4D8A-9F80-BDA125E08BBB}.Release|Any CPU.Build.0 = Release|Any CPU
	EndGlobalSection
	GlobalSection(SolutionProperties) = preSolution
		HideSolutionNode = FALSE
	EndGlobalSection
	GlobalSection(ExtensibilityGlobals) = postSolution
		SolutionGuid = {5A5AB0BB-148D-4AA9-B6EB-D0FD29D09697}
	EndGlobalSection
EndGlobal
