
Microsoft Visual Studio Solution File, Format Version 12.00
# Visual Studio Version 17
VisualStudioVersion = 17.2.32630.192
MinimumVisualStudioVersion = 10.0.40219.1
Project("{FAE04EC0-301F-11D3-BF4B-00C04F79EFBC}") = "Data", "Data\Data.csproj", "{31FEA2FF-99AB-4829-A0C2-6B38205230DC}"
EndProject
Project("{FAE04EC0-301F-11D3-BF4B-00C04F79EFBC}") = "Tests", "Tests\Tests.csproj", "{D9E79785-A05C-44D5-9200-A94CD61A932C}"
EndProject
Global
	GlobalSection(SolutionConfigurationPlatforms) = preSolution
		Debug|Any CPU = Debug|Any CPU
		Release|Any CPU = Release|Any CPU
	EndGlobalSection
	GlobalSection(ProjectConfigurationPlatforms) = postSolution
		{31FEA2FF-99AB-4829-A0C2-6B38205230DC}.Debug|Any CPU.ActiveCfg = Debug|Any CPU
		{31FEA2FF-99AB-4829-A0C2-6B38205230DC}.Debug|Any CPU.Build.0 = Debug|Any CPU
		{31FEA2FF-99AB-4829-A0C2-6B38205230DC}.Release|Any CPU.ActiveCfg = Release|Any CPU
		{31FEA2FF-99AB-4829-A0C2-6B38205230DC}.Release|Any CPU.Build.0 = Release|Any CPU
		{D9E79785-A05C-44D5-9200-A94CD61A932C}.Debug|Any CPU.ActiveCfg = Debug|Any CPU
		{D9E79785-A05C-44D5-9200-A94CD61A932C}.Debug|Any CPU.Build.0 = Debug|Any CPU
		{D9E79785-A05C-44D5-9200-A94CD61A932C}.Release|Any CPU.ActiveCfg = Release|Any CPU
		{D9E79785-A05C-44D5-9200-A94CD61A932C}.Release|Any CPU.Build.0 = Release|Any CPU
	EndGlobalSection
	GlobalSection(SolutionProperties) = preSolution
		HideSolutionNode = FALSE
	EndGlobalSection
	GlobalSection(ExtensibilityGlobals) = postSolution
		SolutionGuid = {E556AAD9-00A3-4674-AD64-5433D7586574}
	EndGlobalSection
EndGlobal
