
Microsoft Visual Studio Solution File, Format Version 12.00
# Visual Studio Version 17
VisualStudioVersion = 17.2.32630.192
MinimumVisualStudioVersion = 10.0.40219.1
Project("{FAE04EC0-301F-11D3-BF4B-00C04F79EFBC}") = "Project20221025.Server", "Server\Project20221025.Server.csproj", "{34D6477A-13F9-401E-B7E6-17BEEA066291}"
EndProject
Project("{FAE04EC0-301F-11D3-BF4B-00C04F79EFBC}") = "Project20221025.Client", "Client\Project20221025.Client.csproj", "{B109F423-B8CF-49A5-A8DA-73FA1C2D216D}"
EndProject
Project("{FAE04EC0-301F-11D3-BF4B-00C04F79EFBC}") = "Project20221025.Shared", "Shared\Project20221025.Shared.csproj", "{6F4F5E74-19E6-44C2-BF52-9DD20BDB6E5B}"
EndProject
Global
	GlobalSection(SolutionConfigurationPlatforms) = preSolution
		Debug|Any CPU = Debug|Any CPU
		Release|Any CPU = Release|Any CPU
	EndGlobalSection
	GlobalSection(ProjectConfigurationPlatforms) = postSolution
		{34D6477A-13F9-401E-B7E6-17BEEA066291}.Debug|Any CPU.ActiveCfg = Debug|Any CPU
		{34D6477A-13F9-401E-B7E6-17BEEA066291}.Debug|Any CPU.Build.0 = Debug|Any CPU
		{34D6477A-13F9-401E-B7E6-17BEEA066291}.Release|Any CPU.ActiveCfg = Release|Any CPU
		{34D6477A-13F9-401E-B7E6-17BEEA066291}.Release|Any CPU.Build.0 = Release|Any CPU
		{B109F423-B8CF-49A5-A8DA-73FA1C2D216D}.Debug|Any CPU.ActiveCfg = Debug|Any CPU
		{B109F423-B8CF-49A5-A8DA-73FA1C2D216D}.Debug|Any CPU.Build.0 = Debug|Any CPU
		{B109F423-B8CF-49A5-A8DA-73FA1C2D216D}.Release|Any CPU.ActiveCfg = Release|Any CPU
		{B109F423-B8CF-49A5-A8DA-73FA1C2D216D}.Release|Any CPU.Build.0 = Release|Any CPU
		{6F4F5E74-19E6-44C2-BF52-9DD20BDB6E5B}.Debug|Any CPU.ActiveCfg = Debug|Any CPU
		{6F4F5E74-19E6-44C2-BF52-9DD20BDB6E5B}.Debug|Any CPU.Build.0 = Debug|Any CPU
		{6F4F5E74-19E6-44C2-BF52-9DD20BDB6E5B}.Release|Any CPU.ActiveCfg = Release|Any CPU
		{6F4F5E74-19E6-44C2-BF52-9DD20BDB6E5B}.Release|Any CPU.Build.0 = Release|Any CPU
	EndGlobalSection
	GlobalSection(SolutionProperties) = preSolution
		HideSolutionNode = FALSE
	EndGlobalSection
	GlobalSection(ExtensibilityGlobals) = postSolution
		SolutionGuid = {1785C0CA-8833-483C-8721-2C32017387E5}
	EndGlobalSection
EndGlobal
