
Microsoft Visual Studio Solution File, Format Version 12.00
# Visual Studio Version 17
VisualStudioVersion = 17.2.32630.192
MinimumVisualStudioVersion = 10.0.40219.1
Project("{FAE04EC0-301F-11D3-BF4B-00C04F79EFBC}") = "Emulator", "Emulator.csproj", "{6CEF7EFC-5D4B-424E-9048-7AEA821032DA}"
EndProject
Global
	GlobalSection(SolutionConfigurationPlatforms) = preSolution
		Debug|Any CPU = Debug|Any CPU
		Release|Any CPU = Release|Any CPU
	EndGlobalSection
	GlobalSection(ProjectConfigurationPlatforms) = postSolution
		{6CEF7EFC-5D4B-424E-9048-7AEA821032DA}.Debug|Any CPU.ActiveCfg = Debug|Any CPU
		{6CEF7EFC-5D4B-424E-9048-7AEA821032DA}.Debug|Any CPU.Build.0 = Debug|Any CPU
		{6CEF7EFC-5D4B-424E-9048-7AEA821032DA}.Release|Any CPU.ActiveCfg = Release|Any CPU
		{6CEF7EFC-5D4B-424E-9048-7AEA821032DA}.Release|Any CPU.Build.0 = Release|Any CPU
	EndGlobalSection
	GlobalSection(SolutionProperties) = preSolution
		HideSolutionNode = FALSE
	EndGlobalSection
	GlobalSection(ExtensibilityGlobals) = postSolution
		SolutionGuid = {8F9DBD89-2868-4ACD-AD36-A9F53310F142}
	EndGlobalSection
EndGlobal
